
Microsoft Visual Studio Solution File, Format Version 12.00
# Visual Studio Version 17
VisualStudioVersion = 17.8.34330.188
MinimumVisualStudioVersion = 10.0.40219.1
Project("{FAE04EC0-301F-11D3-BF4B-00C04F79EFBC}") = "WireUtilities", "WireUtilities\WireUtilities.csproj", "{16DAB07A-64AC-476E-9DFB-5DDDB62E1813}"
EndProject
Project("{FAE04EC0-301F-11D3-BF4B-00C04F79EFBC}") = "WireUtilities_Test", "WireUtilities_Test\WireUtilities_Test.csproj", "{1AD93A2E-F229-46C4-96D4-78B4155C0253}"
EndProject
Global
	GlobalSection(SolutionConfigurationPlatforms) = preSolution
		Debug|Any CPU = Debug|Any CPU
		Release|Any CPU = Release|Any CPU
	EndGlobalSection
	GlobalSection(ProjectConfigurationPlatforms) = postSolution
		{16DAB07A-64AC-476E-9DFB-5DDDB62E1813}.Debug|Any CPU.ActiveCfg = Debug|Any CPU
		{16DAB07A-64AC-476E-9DFB-5DDDB62E1813}.Debug|Any CPU.Build.0 = Debug|Any CPU
		{16DAB07A-64AC-476E-9DFB-5DDDB62E1813}.Release|Any CPU.ActiveCfg = Release|Any CPU
		{16DAB07A-64AC-476E-9DFB-5DDDB62E1813}.Release|Any CPU.Build.0 = Release|Any CPU
		{1AD93A2E-F229-46C4-96D4-78B4155C0253}.Debug|Any CPU.ActiveCfg = Debug|Any CPU
		{1AD93A2E-F229-46C4-96D4-78B4155C0253}.Debug|Any CPU.Build.0 = Debug|Any CPU
		{1AD93A2E-F229-46C4-96D4-78B4155C0253}.Release|Any CPU.ActiveCfg = Release|Any CPU
		{1AD93A2E-F229-46C4-96D4-78B4155C0253}.Release|Any CPU.Build.0 = Release|Any CPU
	EndGlobalSection
	GlobalSection(SolutionProperties) = preSolution
		HideSolutionNode = FALSE
	EndGlobalSection
	GlobalSection(ExtensibilityGlobals) = postSolution
		SolutionGuid = {7184A05F-089C-4054-A33B-EC49DEB89222}
	EndGlobalSection
EndGlobal
